// !$*UTF8*$!
{
	archiveVersion = 1;
	classes = {
	};
	objectVersion = 55;
	objects = {

/* Begin PBXBuildFile section */
		822EDBFE28D9D1ED00A92A2C /* AccountViewModel.swift in Sources */ = {isa = PBXBuildFile; fileRef = 822EDBFD28D9D1ED00A92A2C /* AccountViewModel.swift */; };
		822EDC0628D9D5BE00A92A2C /* StringExtension.swift in Sources */ = {isa = PBXBuildFile; fileRef = 822EDC0528D9D5BE00A92A2C /* StringExtension.swift */; };
		824AE90928D7829F00B74E51 /* MealApp_SwiftUIApp.swift in Sources */ = {isa = PBXBuildFile; fileRef = 824AE90828D7829F00B74E51 /* MealApp_SwiftUIApp.swift */; };
		824AE90B28D7829F00B74E51 /* ContentView.swift in Sources */ = {isa = PBXBuildFile; fileRef = 824AE90A28D7829F00B74E51 /* ContentView.swift */; };
		824AE90D28D782A000B74E51 /* Assets.xcassets in Resources */ = {isa = PBXBuildFile; fileRef = 824AE90C28D782A000B74E51 /* Assets.xcassets */; };
		824AE91028D782A000B74E51 /* Preview Assets.xcassets in Resources */ = {isa = PBXBuildFile; fileRef = 824AE90F28D782A000B74E51 /* Preview Assets.xcassets */; };
		824AE91828D783E700B74E51 /* HomeView.swift in Sources */ = {isa = PBXBuildFile; fileRef = 824AE91728D783E700B74E51 /* HomeView.swift */; };
		824AE91A28D783FF00B74E51 /* AccountView.swift in Sources */ = {isa = PBXBuildFile; fileRef = 824AE91928D783FF00B74E51 /* AccountView.swift */; };
		824AE91C28D7840D00B74E51 /* OrderView.swift in Sources */ = {isa = PBXBuildFile; fileRef = 824AE91B28D7840D00B74E51 /* OrderView.swift */; };
		824AE92028D78F6400B74E51 /* MealModel.swift in Sources */ = {isa = PBXBuildFile; fileRef = 824AE91F28D78F6400B74E51 /* MealModel.swift */; };
		824AE92328D7906500B74E51 /* MealViewModel.swift in Sources */ = {isa = PBXBuildFile; fileRef = 824AE92228D7906500B74E51 /* MealViewModel.swift */; };
		826F9DE028DB620F0076B014 /* OrderViewModel.swift in Sources */ = {isa = PBXBuildFile; fileRef = 826F9DDF28DB620F0076B014 /* OrderViewModel.swift */; };
		826F9DE328DB660D0076B014 /* MealListCell.swift in Sources */ = {isa = PBXBuildFile; fileRef = 826F9DE228DB660D0076B014 /* MealListCell.swift */; };
		826F9DE628DB689E0076B014 /* PrettyButton.swift in Sources */ = {isa = PBXBuildFile; fileRef = 826F9DE528DB689E0076B014 /* PrettyButton.swift */; };
		82BFA33328D9B0B5004C2771 /* MealDetailView.swift in Sources */ = {isa = PBXBuildFile; fileRef = 82BFA33228D9B0B5004C2771 /* MealDetailView.swift */; };
/* End PBXBuildFile section */

/* Begin PBXFileReference section */
		822EDBFD28D9D1ED00A92A2C /* AccountViewModel.swift */ = {isa = PBXFileReference; lastKnownFileType = sourcecode.swift; path = AccountViewModel.swift; sourceTree = "<group>"; };
		822EDC0528D9D5BE00A92A2C /* StringExtension.swift */ = {isa = PBXFileReference; lastKnownFileType = sourcecode.swift; path = StringExtension.swift; sourceTree = "<group>"; };
		824AE90528D7829F00B74E51 /* MealApp-SwiftUI.app */ = {isa = PBXFileReference; explicitFileType = wrapper.application; includeInIndex = 0; path = "MealApp-SwiftUI.app"; sourceTree = BUILT_PRODUCTS_DIR; };
		824AE90828D7829F00B74E51 /* MealApp_SwiftUIApp.swift */ = {isa = PBXFileReference; lastKnownFileType = sourcecode.swift; path = MealApp_SwiftUIApp.swift; sourceTree = "<group>"; };
		824AE90A28D7829F00B74E51 /* ContentView.swift */ = {isa = PBXFileReference; lastKnownFileType = sourcecode.swift; path = ContentView.swift; sourceTree = "<group>"; };
		824AE90C28D782A000B74E51 /* Assets.xcassets */ = {isa = PBXFileReference; lastKnownFileType = folder.assetcatalog; path = Assets.xcassets; sourceTree = "<group>"; };
		824AE90F28D782A000B74E51 /* Preview Assets.xcassets */ = {isa = PBXFileReference; lastKnownFileType = folder.assetcatalog; path = "Preview Assets.xcassets"; sourceTree = "<group>"; };
		824AE91728D783E700B74E51 /* HomeView.swift */ = {isa = PBXFileReference; lastKnownFileType = sourcecode.swift; path = HomeView.swift; sourceTree = "<group>"; };
		824AE91928D783FF00B74E51 /* AccountView.swift */ = {isa = PBXFileReference; lastKnownFileType = sourcecode.swift; path = AccountView.swift; sourceTree = "<group>"; };
		824AE91B28D7840D00B74E51 /* OrderView.swift */ = {isa = PBXFileReference; lastKnownFileType = sourcecode.swift; path = OrderView.swift; sourceTree = "<group>"; };
		824AE91F28D78F6400B74E51 /* MealModel.swift */ = {isa = PBXFileReference; lastKnownFileType = sourcecode.swift; path = MealModel.swift; sourceTree = "<group>"; };
		824AE92228D7906500B74E51 /* MealViewModel.swift */ = {isa = PBXFileReference; lastKnownFileType = sourcecode.swift; path = MealViewModel.swift; sourceTree = "<group>"; };
		826F9DDF28DB620F0076B014 /* OrderViewModel.swift */ = {isa = PBXFileReference; lastKnownFileType = sourcecode.swift; path = OrderViewModel.swift; sourceTree = "<group>"; };
		826F9DE228DB660D0076B014 /* MealListCell.swift */ = {isa = PBXFileReference; lastKnownFileType = sourcecode.swift; path = MealListCell.swift; sourceTree = "<group>"; };
		826F9DE528DB689E0076B014 /* PrettyButton.swift */ = {isa = PBXFileReference; lastKnownFileType = sourcecode.swift; path = PrettyButton.swift; sourceTree = "<group>"; };
		82BFA33228D9B0B5004C2771 /* MealDetailView.swift */ = {isa = PBXFileReference; lastKnownFileType = sourcecode.swift; path = MealDetailView.swift; sourceTree = "<group>"; };
/* End PBXFileReference section */

/* Begin PBXFrameworksBuildPhase section */
		824AE90228D7829F00B74E51 /* Frameworks */ = {
			isa = PBXFrameworksBuildPhase;
			buildActionMask = 2147483647;
			files = (
			);
			runOnlyForDeploymentPostprocessing = 0;
		};
/* End PBXFrameworksBuildPhase section */

/* Begin PBXGroup section */
		822EDBFC28D9D1D300A92A2C /* AccountView */ = {
			isa = PBXGroup;
			children = (
				824AE91928D783FF00B74E51 /* AccountView.swift */,
			);
			path = AccountView;
			sourceTree = "<group>";
		};
		822EDBFF28D9D46F00A92A2C /* Extensions */ = {
			isa = PBXGroup;
			children = (
				822EDC0528D9D5BE00A92A2C /* StringExtension.swift */,
			);
			path = Extensions;
			sourceTree = "<group>";
		};
		824AE8FC28D7829F00B74E51 = {
			isa = PBXGroup;
			children = (
				824AE90728D7829F00B74E51 /* MealApp-SwiftUI */,
				824AE90628D7829F00B74E51 /* Products */,
			);
			sourceTree = "<group>";
		};
		824AE90628D7829F00B74E51 /* Products */ = {
			isa = PBXGroup;
			children = (
				824AE90528D7829F00B74E51 /* MealApp-SwiftUI.app */,
			);
			name = Products;
			sourceTree = "<group>";
		};
		824AE90728D7829F00B74E51 /* MealApp-SwiftUI */ = {
			isa = PBXGroup;
			children = (
				826F9DE428DB66160076B014 /* Utils */,
				822EDBFF28D9D46F00A92A2C /* Extensions */,
				824AE92128D7905200B74E51 /* ViewModel */,
				824AE91E28D78F5000B74E51 /* Model */,
				824AE91628D783D800B74E51 /* Views */,
				824AE90A28D7829F00B74E51 /* ContentView.swift */,
				824AE90828D7829F00B74E51 /* MealApp_SwiftUIApp.swift */,
				824AE90C28D782A000B74E51 /* Assets.xcassets */,
				824AE90E28D782A000B74E51 /* Preview Content */,
			);
			path = "MealApp-SwiftUI";
			sourceTree = "<group>";
		};
		824AE90E28D782A000B74E51 /* Preview Content */ = {
			isa = PBXGroup;
			children = (
				824AE90F28D782A000B74E51 /* Preview Assets.xcassets */,
			);
			path = "Preview Content";
			sourceTree = "<group>";
		};
		824AE91628D783D800B74E51 /* Views */ = {
			isa = PBXGroup;
			children = (
				826F9DE128DB63830076B014 /* OrderView */,
				822EDBFC28D9D1D300A92A2C /* AccountView */,
				82BFA33128D9B082004C2771 /* HomeView */,
			);
			path = Views;
			sourceTree = "<group>";
		};
		824AE91E28D78F5000B74E51 /* Model */ = {
			isa = PBXGroup;
			children = (
				824AE91F28D78F6400B74E51 /* MealModel.swift */,
			);
			path = Model;
			sourceTree = "<group>";
		};
		824AE92128D7905200B74E51 /* ViewModel */ = {
			isa = PBXGroup;
			children = (
				824AE92228D7906500B74E51 /* MealViewModel.swift */,
				822EDBFD28D9D1ED00A92A2C /* AccountViewModel.swift */,
				826F9DDF28DB620F0076B014 /* OrderViewModel.swift */,
			);
			path = ViewModel;
			sourceTree = "<group>";
		};
		826F9DE128DB63830076B014 /* OrderView */ = {
			isa = PBXGroup;
			children = (
				824AE91B28D7840D00B74E51 /* OrderView.swift */,
			);
			path = OrderView;
			sourceTree = "<group>";
		};
		826F9DE428DB66160076B014 /* Utils */ = {
			isa = PBXGroup;
			children = (
				826F9DE228DB660D0076B014 /* MealListCell.swift */,
				826F9DE528DB689E0076B014 /* PrettyButton.swift */,
			);
			path = Utils;
			sourceTree = "<group>";
		};
		82BFA33128D9B082004C2771 /* HomeView */ = {
			isa = PBXGroup;
			children = (
				824AE91728D783E700B74E51 /* HomeView.swift */,
				82BFA33228D9B0B5004C2771 /* MealDetailView.swift */,
			);
			path = HomeView;
			sourceTree = "<group>";
		};
/* End PBXGroup section */

/* Begin PBXNativeTarget section */
		824AE90428D7829F00B74E51 /* MealApp-SwiftUI */ = {
			isa = PBXNativeTarget;
			buildConfigurationList = 824AE91328D782A000B74E51 /* Build configuration list for PBXNativeTarget "MealApp-SwiftUI" */;
			buildPhases = (
				824AE90128D7829F00B74E51 /* Sources */,
				824AE90228D7829F00B74E51 /* Frameworks */,
				824AE90328D7829F00B74E51 /* Resources */,
			);
			buildRules = (
			);
			dependencies = (
			);
			name = "MealApp-SwiftUI";
			productName = "MealApp-SwiftUI";
			productReference = 824AE90528D7829F00B74E51 /* MealApp-SwiftUI.app */;
			productType = "com.apple.product-type.application";
		};
/* End PBXNativeTarget section */

/* Begin PBXProject section */
		824AE8FD28D7829F00B74E51 /* Project object */ = {
			isa = PBXProject;
			attributes = {
				BuildIndependentTargetsInParallel = 1;
				LastSwiftUpdateCheck = 1340;
				LastUpgradeCheck = 1340;
				TargetAttributes = {
					824AE90428D7829F00B74E51 = {
						CreatedOnToolsVersion = 13.4.1;
					};
				};
			};
			buildConfigurationList = 824AE90028D7829F00B74E51 /* Build configuration list for PBXProject "MealApp-SwiftUI" */;
			compatibilityVersion = "Xcode 13.0";
			developmentRegion = en;
			hasScannedForEncodings = 0;
			knownRegions = (
				en,
				Base,
			);
			mainGroup = 824AE8FC28D7829F00B74E51;
			productRefGroup = 824AE90628D7829F00B74E51 /* Products */;
			projectDirPath = "";
			projectRoot = "";
			targets = (
				824AE90428D7829F00B74E51 /* MealApp-SwiftUI */,
			);
		};
/* End PBXProject section */

/* Begin PBXResourcesBuildPhase section */
		824AE90328D7829F00B74E51 /* Resources */ = {
			isa = PBXResourcesBuildPhase;
			buildActionMask = 2147483647;
			files = (
				824AE91028D782A000B74E51 /* Preview Assets.xcassets in Resources */,
				824AE90D28D782A000B74E51 /* Assets.xcassets in Resources */,
			);
			runOnlyForDeploymentPostprocessing = 0;
		};
/* End PBXResourcesBuildPhase section */

/* Begin PBXSourcesBuildPhase section */
		824AE90128D7829F00B74E51 /* Sources */ = {
			isa = PBXSourcesBuildPhase;
			buildActionMask = 2147483647;
			files = (
				824AE91A28D783FF00B74E51 /* AccountView.swift in Sources */,
				826F9DE028DB620F0076B014 /* OrderViewModel.swift in Sources */,
				824AE92328D7906500B74E51 /* MealViewModel.swift in Sources */,
				822EDC0628D9D5BE00A92A2C /* StringExtension.swift in Sources */,
				826F9DE328DB660D0076B014 /* MealListCell.swift in Sources */,
				824AE91828D783E700B74E51 /* HomeView.swift in Sources */,
				824AE90B28D7829F00B74E51 /* ContentView.swift in Sources */,
				822EDBFE28D9D1ED00A92A2C /* AccountViewModel.swift in Sources */,
				826F9DE628DB689E0076B014 /* PrettyButton.swift in Sources */,
				82BFA33328D9B0B5004C2771 /* MealDetailView.swift in Sources */,
				824AE90928D7829F00B74E51 /* MealApp_SwiftUIApp.swift in Sources */,
				824AE92028D78F6400B74E51 /* MealModel.swift in Sources */,
				824AE91C28D7840D00B74E51 /* OrderView.swift in Sources */,
			);
			runOnlyForDeploymentPostprocessing = 0;
		};
/* End PBXSourcesBuildPhase section */

/* Begin XCBuildConfiguration section */
		824AE91128D782A000B74E51 /* Debug */ = {
			isa = XCBuildConfiguration;
			buildSettings = {
				ALWAYS_SEARCH_USER_PATHS = NO;
				CLANG_ANALYZER_NONNULL = YES;
				CLANG_ANALYZER_NUMBER_OBJECT_CONVERSION = YES_AGGRESSIVE;
				CLANG_CXX_LANGUAGE_STANDARD = "gnu++17";
				CLANG_ENABLE_MODULES = YES;
				CLANG_ENABLE_OBJC_ARC = YES;
				CLANG_ENABLE_OBJC_WEAK = YES;
				CLANG_WARN_BLOCK_CAPTURE_AUTORELEASING = YES;
				CLANG_WARN_BOOL_CONVERSION = YES;
				CLANG_WARN_COMMA = YES;
				CLANG_WARN_CONSTANT_CONVERSION = YES;
				CLANG_WARN_DEPRECATED_OBJC_IMPLEMENTATIONS = YES;
				CLANG_WARN_DIRECT_OBJC_ISA_USAGE = YES_ERROR;
				CLANG_WARN_DOCUMENTATION_COMMENTS = YES;
				CLANG_WARN_EMPTY_BODY = YES;
				CLANG_WARN_ENUM_CONVERSION = YES;
				CLANG_WARN_INFINITE_RECURSION = YES;
				CLANG_WARN_INT_CONVERSION = YES;
				CLANG_WARN_NON_LITERAL_NULL_CONVERSION = YES;
				CLANG_WARN_OBJC_IMPLICIT_RETAIN_SELF = YES;
				CLANG_WARN_OBJC_LITERAL_CONVERSION = YES;
				CLANG_WARN_OBJC_ROOT_CLASS = YES_ERROR;
				CLANG_WARN_QUOTED_INCLUDE_IN_FRAMEWORK_HEADER = YES;
				CLANG_WARN_RANGE_LOOP_ANALYSIS = YES;
				CLANG_WARN_STRICT_PROTOTYPES = YES;
				CLANG_WARN_SUSPICIOUS_MOVE = YES;
				CLANG_WARN_UNGUARDED_AVAILABILITY = YES_AGGRESSIVE;
				CLANG_WARN_UNREACHABLE_CODE = YES;
				CLANG_WARN__DUPLICATE_METHOD_MATCH = YES;
				COPY_PHASE_STRIP = NO;
				DEBUG_INFORMATION_FORMAT = dwarf;
				ENABLE_STRICT_OBJC_MSGSEND = YES;
				ENABLE_TESTABILITY = YES;
				GCC_C_LANGUAGE_STANDARD = gnu11;
				GCC_DYNAMIC_NO_PIC = NO;
				GCC_NO_COMMON_BLOCKS = YES;
				GCC_OPTIMIZATION_LEVEL = 0;
				GCC_PREPROCESSOR_DEFINITIONS = (
					"DEBUG=1",
					"$(inherited)",
				);
				GCC_WARN_64_TO_32_BIT_CONVERSION = YES;
				GCC_WARN_ABOUT_RETURN_TYPE = YES_ERROR;
				GCC_WARN_UNDECLARED_SELECTOR = YES;
				GCC_WARN_UNINITIALIZED_AUTOS = YES_AGGRESSIVE;
				GCC_WARN_UNUSED_FUNCTION = YES;
				GCC_WARN_UNUSED_VARIABLE = YES;
				IPHONEOS_DEPLOYMENT_TARGET = 15.5;
				MTL_ENABLE_DEBUG_INFO = INCLUDE_SOURCE;
				MTL_FAST_MATH = YES;
				ONLY_ACTIVE_ARCH = YES;
				SDKROOT = iphoneos;
				SWIFT_ACTIVE_COMPILATION_CONDITIONS = DEBUG;
				SWIFT_OPTIMIZATION_LEVEL = "-Onone";
			};
			name = Debug;
		};
		824AE91228D782A000B74E51 /* Release */ = {
			isa = XCBuildConfiguration;
			buildSettings = {
				ALWAYS_SEARCH_USER_PATHS = NO;
				CLANG_ANALYZER_NONNULL = YES;
				CLANG_ANALYZER_NUMBER_OBJECT_CONVERSION = YES_AGGRESSIVE;
				CLANG_CXX_LANGUAGE_STANDARD = "gnu++17";
				CLANG_ENABLE_MODULES = YES;
				CLANG_ENABLE_OBJC_ARC = YES;
				CLANG_ENABLE_OBJC_WEAK = YES;
				CLANG_WARN_BLOCK_CAPTURE_AUTORELEASING = YES;
				CLANG_WARN_BOOL_CONVERSION = YES;
				CLANG_WARN_COMMA = YES;
				CLANG_WARN_CONSTANT_CONVERSION = YES;
				CLANG_WARN_DEPRECATED_OBJC_IMPLEMENTATIONS = YES;
				CLANG_WARN_DIRECT_OBJC_ISA_USAGE = YES_ERROR;
				CLANG_WARN_DOCUMENTATION_COMMENTS = YES;
				CLANG_WARN_EMPTY_BODY = YES;
				CLANG_WARN_ENUM_CONVERSION = YES;
				CLANG_WARN_INFINITE_RECURSION = YES;
				CLANG_WARN_INT_CONVERSION = YES;
				CLANG_WARN_NON_LITERAL_NULL_CONVERSION = YES;
				CLANG_WARN_OBJC_IMPLICIT_RETAIN_SELF = YES;
				CLANG_WARN_OBJC_LITERAL_CONVERSION = YES;
				CLANG_WARN_OBJC_ROOT_CLASS = YES_ERROR;
				CLANG_WARN_QUOTED_INCLUDE_IN_FRAMEWORK_HEADER = YES;
				CLANG_WARN_RANGE_LOOP_ANALYSIS = YES;
				CLANG_WARN_STRICT_PROTOTYPES = YES;
				CLANG_WARN_SUSPICIOUS_MOVE = YES;
				CLANG_WARN_UNGUARDED_AVAILABILITY = YES_AGGRESSIVE;
				CLANG_WARN_UNREACHABLE_CODE = YES;
				CLANG_WARN__DUPLICATE_METHOD_MATCH = YES;
				COPY_PHASE_STRIP = NO;
				DEBUG_INFORMATION_FORMAT = "dwarf-with-dsym";
				ENABLE_NS_ASSERTIONS = NO;
				ENABLE_STRICT_OBJC_MSGSEND = YES;
				GCC_C_LANGUAGE_STANDARD = gnu11;
				GCC_NO_COMMON_BLOCKS = YES;
				GCC_WARN_64_TO_32_BIT_CONVERSION = YES;
				GCC_WARN_ABOUT_RETURN_TYPE = YES_ERROR;
				GCC_WARN_UNDECLARED_SELECTOR = YES;
				GCC_WARN_UNINITIALIZED_AUTOS = YES_AGGRESSIVE;
				GCC_WARN_UNUSED_FUNCTION = YES;
				GCC_WARN_UNUSED_VARIABLE = YES;
				IPHONEOS_DEPLOYMENT_TARGET = 15.5;
				MTL_ENABLE_DEBUG_INFO = NO;
				MTL_FAST_MATH = YES;
				SDKROOT = iphoneos;
				SWIFT_COMPILATION_MODE = wholemodule;
				SWIFT_OPTIMIZATION_LEVEL = "-O";
				VALIDATE_PRODUCT = YES;
			};
			name = Release;
		};
		824AE91428D782A000B74E51 /* Debug */ = {
			isa = XCBuildConfiguration;
			buildSettings = {
				ASSETCATALOG_COMPILER_APPICON_NAME = AppIcon;
				ASSETCATALOG_COMPILER_GLOBAL_ACCENT_COLOR_NAME = AccentColor;
				CODE_SIGN_STYLE = Automatic;
				CURRENT_PROJECT_VERSION = 1;
				DEVELOPMENT_ASSET_PATHS = "\"MealApp-SwiftUI/Preview Content\"";
				DEVELOPMENT_TEAM = 8AR9AJMF2J;
				ENABLE_PREVIEWS = YES;
				GENERATE_INFOPLIST_FILE = YES;
				INFOPLIST_KEY_UIApplicationSceneManifest_Generation = YES;
				INFOPLIST_KEY_UIApplicationSupportsIndirectInputEvents = YES;
				INFOPLIST_KEY_UILaunchScreen_Generation = YES;
				INFOPLIST_KEY_UISupportedInterfaceOrientations_iPad = "UIInterfaceOrientationPortrait UIInterfaceOrientationPortraitUpsideDown UIInterfaceOrientationLandscapeLeft UIInterfaceOrientationLandscapeRight";
				INFOPLIST_KEY_UISupportedInterfaceOrientations_iPhone = "UIInterfaceOrientationPortrait UIInterfaceOrientationLandscapeLeft UIInterfaceOrientationLandscapeRight";
				LD_RUNPATH_SEARCH_PATHS = (
					"$(inherited)",
					"@executable_path/Frameworks",
				);
				MARKETING_VERSION = 1.0;
				PRODUCT_BUNDLE_IDENTIFIER = "com.repladev.MealApp-SwiftUI";
				PRODUCT_NAME = "$(TARGET_NAME)";
				SWIFT_EMIT_LOC_STRINGS = YES;
				SWIFT_VERSION = 5.0;
				TARGETED_DEVICE_FAMILY = "1,2";
			};
			name = Debug;
		};
		824AE91528D782A000B74E51 /* Release */ = {
			isa = XCBuildConfiguration;
			buildSettings = {
				ASSETCATALOG_COMPILER_APPICON_NAME = AppIcon;
				ASSETCATALOG_COMPILER_GLOBAL_ACCENT_COLOR_NAME = AccentColor;
				CODE_SIGN_STYLE = Automatic;
				CURRENT_PROJECT_VERSION = 1;
				DEVELOPMENT_ASSET_PATHS = "\"MealApp-SwiftUI/Preview Content\"";
				DEVELOPMENT_TEAM = 8AR9AJMF2J;
				ENABLE_PREVIEWS = YES;
				GENERATE_INFOPLIST_FILE = YES;
				INFOPLIST_KEY_UIApplicationSceneManifest_Generation = YES;
				INFOPLIST_KEY_UIApplicationSupportsIndirectInputEvents = YES;
				INFOPLIST_KEY_UILaunchScreen_Generation = YES;
				INFOPLIST_KEY_UISupportedInterfaceOrientations_iPad = "UIInterfaceOrientationPortrait UIInterfaceOrientationPortraitUpsideDown UIInterfaceOrientationLandscapeLeft UIInterfaceOrientationLandscapeRight";
				INFOPLIST_KEY_UISupportedInterfaceOrientations_iPhone = "UIInterfaceOrientationPortrait UIInterfaceOrientationLandscapeLeft UIInterfaceOrientationLandscapeRight";
				LD_RUNPATH_SEARCH_PATHS = (
					"$(inherited)",
					"@executable_path/Frameworks",
				);
				MARKETING_VERSION = 1.0;
				PRODUCT_BUNDLE_IDENTIFIER = "com.repladev.MealApp-SwiftUI";
				PRODUCT_NAME = "$(TARGET_NAME)";
				SWIFT_EMIT_LOC_STRINGS = YES;
				SWIFT_VERSION = 5.0;
				TARGETED_DEVICE_FAMILY = "1,2";
			};
			name = Release;
		};
/* End XCBuildConfiguration section */

/* Begin XCConfigurationList section */
		824AE90028D7829F00B74E51 /* Build configuration list for PBXProject "MealApp-SwiftUI" */ = {
			isa = XCConfigurationList;
			buildConfigurations = (
				824AE91128D782A000B74E51 /* Debug */,
				824AE91228D782A000B74E51 /* Release */,
			);
			defaultConfigurationIsVisible = 0;
			defaultConfigurationName = Release;
		};
		824AE91328D782A000B74E51 /* Build configuration list for PBXNativeTarget "MealApp-SwiftUI" */ = {
			isa = XCConfigurationList;
			buildConfigurations = (
				824AE91428D782A000B74E51 /* Debug */,
				824AE91528D782A000B74E51 /* Release */,
			);
			defaultConfigurationIsVisible = 0;
			defaultConfigurationName = Release;
		};
/* End XCConfigurationList section */
	};
	rootObject = 824AE8FD28D7829F00B74E51 /* Project object */;
}
